Microsoft Visual Studio Solution File, Format Version 10.00
# Visual Studio 2008
Project("{8BC9CEB8-8B4A-11D0-8D11-00A0C91BC942}") = "Test", "Test.vcproj", "{628EB416-09CC-41B1-BBB6-3834FF58E083}"
EndProject
Project("{8BC9CEB8-8B4A-11D0-8D11-00A0C91BC942}") = "Core", "..\..\Core\Core.vcproj", "{790BC113-52FB-4565-8968-79B8B011C520}"
EndProject
Project("{8BC9CEB8-8B4A-11D0-8D11-00A0C91BC942}") = "XML", "..\XML.vcproj", "{2BF56C15-FDAD-480B-9C25-951E43773ED6}"
EndProject
Global
	GlobalSection(SolutionConfigurationPlatforms) = preSolution
		Debug|Win32 = Debug|Win32
		Release|Win32 = Release|Win32
	EndGlobalSection
	GlobalSection(ProjectConfigurationPlatforms) = postSolution
		{628EB416-09CC-41B1-BBB6-3834FF58E083}.Debug|Win32.ActiveCfg = Debug|Win32
		{628EB416-09CC-41B1-BBB6-3834FF58E083}.Debug|Win32.Build.0 = Debug|Win32
		{628EB416-09CC-41B1-BBB6-3834FF58E083}.Release|Win32.ActiveCfg = Release|Win32
		{628EB416-09CC-41B1-BBB6-3834FF58E083}.Release|Win32.Build.0 = Release|Win32
		{790BC113-52FB-4565-8968-79B8B011C520}.Debug|Win32.ActiveCfg = Debug|Win32
		{790BC113-52FB-4565-8968-79B8B011C520}.Debug|Win32.Build.0 = Debug|Win32
		{790BC113-52FB-4565-8968-79B8B011C520}.Release|Win32.ActiveCfg = Release|Win32
		{790BC113-52FB-4565-8968-79B8B011C520}.Release|Win32.Build.0 = Release|Win32
		{2BF56C15-FDAD-480B-9C25-951E43773ED6}.Debug|Win32.ActiveCfg = Debug|Win32
		{2BF56C15-FDAD-480B-9C25-951E43773ED6}.Debug|Win32.Build.0 = Debug|Win32
		{2BF56C15-FDAD-480B-9C25-951E43773ED6}.Release|Win32.ActiveCfg = Release|Win32
		{2BF56C15-FDAD-480B-9C25-951E43773ED6}.Release|Win32.Build.0 = Release|Win32
	EndGlobalSection
	GlobalSection(SolutionProperties) = preSolution
		HideSolutionNode = FALSE
	EndGlobalSection
EndGlobal
