Microsoft Visual Studio Solution File, Format Version 8.00
Project("{8BC9CEB8-8B4A-11D0-8D11-00A0C91BC942}") = "Test", "Test.vcproj", "{628EB416-09CC-41B1-BBB6-3834FF58E083}"
	ProjectSection(ProjectDependencies) = postProject
	EndProjectSection
EndProject
Project("{8BC9CEB8-8B4A-11D0-8D11-00A0C91BC942}") = "Core", "..\..\Core\Core.vcproj", "{790BC113-52FB-4565-8968-79B8B011C520}"
	ProjectSection(ProjectDependencies) = postProject
	EndProjectSection
EndProject
Project("{8BC9CEB8-8B4A-11D0-8D11-00A0C91BC942}") = "XML", "..\XML.vcproj", "{2BF56C15-FDAD-480B-9C25-951E43773ED6}"
	ProjectSection(ProjectDependencies) = postProject
	EndProjectSection
EndProject
Global
	GlobalSection(DPCodeReviewSolutionGUID) = preSolution
		DPCodeReviewSolutionGUID = {00000000-0000-0000-0000-000000000000}
	EndGlobalSection
	GlobalSection(SourceCodeControl) = preSolution
		SccNumberOfProjects = 4
		SccProjectUniqueName0 = ..\\..\\Core\\Core.vcproj
		SccProjectName0 = \u0022$/Win32/Lib/Core\u0022,\u0020QWDAAAAA
		SccLocalPath0 = ..\\..\\Core
		CanCheckoutShared = true
		SccProjectUniqueName1 = ..\\XML.vcproj
		SccProjectName1 = \u0022$/Win32/Lib/XML\u0022,\u0020RWDAAAAA
		SccLocalPath1 = ..
		CanCheckoutShared = true
		SccProjectUniqueName2 = Test.vcproj
		SccLocalPath2 = .
		CanCheckoutShared = true
		SccLocalPath3 = .
		CanCheckoutShared = true
		SolutionUniqueID = {81E52046-D1A1-4F8C-8DC1-D49BCC3D19CD}
	EndGlobalSection
	GlobalSection(SolutionConfiguration) = preSolution
		Debug = Debug
		Release = Release
	EndGlobalSection
	GlobalSection(ProjectDependencies) = postSolution
	EndGlobalSection
	GlobalSection(ProjectConfiguration) = postSolution
		{628EB416-09CC-41B1-BBB6-3834FF58E083}.Debug.ActiveCfg = Debug|Win32
		{628EB416-09CC-41B1-BBB6-3834FF58E083}.Debug.Build.0 = Debug|Win32
		{628EB416-09CC-41B1-BBB6-3834FF58E083}.Release.ActiveCfg = Release|Win32
		{628EB416-09CC-41B1-BBB6-3834FF58E083}.Release.Build.0 = Release|Win32
		{790BC113-52FB-4565-8968-79B8B011C520}.Debug.ActiveCfg = Debug|Win32
		{790BC113-52FB-4565-8968-79B8B011C520}.Debug.Build.0 = Debug|Win32
		{790BC113-52FB-4565-8968-79B8B011C520}.Release.ActiveCfg = Release|Win32
		{790BC113-52FB-4565-8968-79B8B011C520}.Release.Build.0 = Release|Win32
		{2BF56C15-FDAD-480B-9C25-951E43773ED6}.Debug.ActiveCfg = Debug|Win32
		{2BF56C15-FDAD-480B-9C25-951E43773ED6}.Debug.Build.0 = Debug|Win32
		{2BF56C15-FDAD-480B-9C25-951E43773ED6}.Release.ActiveCfg = Release|Win32
		{2BF56C15-FDAD-480B-9C25-951E43773ED6}.Release.Build.0 = Release|Win32
	EndGlobalSection
	GlobalSection(ExtensibilityGlobals) = postSolution
	EndGlobalSection
	GlobalSection(ExtensibilityAddIns) = postSolution
	EndGlobalSection
EndGlobal
