<?xml version="1.0" encoding="UTF-8" standalone="yes" ?>
<CodeBlocks_project_file>
	<FileVersion major="1" minor="6" />
	<Project>
		<Option title="XML" />
		<Option pch_mode="2" />
		<Option compiler="gcc" />
		<Build>
			<Target title="Debug Win32">
				<Option output="Debug\libXML" prefix_auto="1" extension_auto="1" />
				<Option working_dir="" />
				<Option object_output="Debug" />
				<Option type="2" />
				<Option compiler="gcc" />
				<Option createDefFile="1" />
				<Compiler>
					<Add option="-D_DEBUG" />
				</Compiler>
			</Target>
			<Target title="Release Win32">
				<Option output="Release\libXML" prefix_auto="1" extension_auto="1" />
				<Option working_dir="" />
				<Option object_output="Release" />
				<Option type="2" />
				<Option compiler="gcc" />
				<Option createDefFile="1" />
				<Compiler>
					<Add option="-O" />
					<Add option="-DNDEBUG" />
				</Compiler>
			</Target>
		</Build>
		<Compiler>
			<Add option="-Wshadow" />
			<Add option="-Winit-self" />
			<Add option="-Wredundant-decls" />
			<Add option="-Wcast-align" />
			<Add option="-Wmissing-declarations" />
			<Add option="-Wmissing-include-dirs" />
			<Add option="-Wswitch-enum" />
			<Add option="-Wswitch-default" />
			<Add option="-Weffc++" />
			<Add option="-Wextra" />
			<Add option="-Wall" />
			<Add option="-Werror" />
			<Add option="-DWIN32" />
			<Add option="-D_LIB" />
			<Add directory="..\..\Lib" />
		</Compiler>
		<Unit filename="Attribute.hpp" />
		<Unit filename="Attributes.cpp" />
		<Unit filename="Attributes.hpp" />
		<Unit filename="CDataNode.cpp" />
		<Unit filename="CDataNode.hpp" />
		<Unit filename="CharTable.cpp" />
		<Unit filename="CharTable.hpp" />
		<Unit filename="CommentNode.cpp" />
		<Unit filename="CommentNode.hpp" />
		<Unit filename="Common.hpp" />
		<Unit filename="DocTypeNode.cpp" />
		<Unit filename="DocTypeNode.hpp" />
		<Unit filename="Document.cpp" />
		<Unit filename="Document.hpp" />
		<Unit filename="ElementNode.cpp" />
		<Unit filename="ElementNode.hpp" />
		<Unit filename="IOException.hpp" />
		<Unit filename="Node.cpp" />
		<Unit filename="Node.hpp" />
		<Unit filename="NodeContainer.cpp" />
		<Unit filename="NodeContainer.hpp" />
		<Unit filename="ProcessingNode.cpp" />
		<Unit filename="ProcessingNode.hpp" />
		<Unit filename="ReadMe.txt" />
		<Unit filename="Reader.cpp" />
		<Unit filename="Reader.hpp" />
		<Unit filename="TODO.txt" />
		<Unit filename="TextNode.cpp" />
		<Unit filename="TextNode.hpp" />
		<Unit filename="Types.hpp" />
		<Unit filename="Writer.cpp" />
		<Unit filename="Writer.hpp" />
		<Unit filename="XPathIterator.cpp" />
		<Unit filename="XPathIterator.hpp" />
		<Unit filename="pch.cpp" />
		<Extensions>
			<code_completion />
			<debugger />
		</Extensions>
	</Project>
</CodeBlocks_project_file>
